
Microsoft Visual Studio Solution File, Format Version 12.00
# Visual Studio 14
VisualStudioVersion = 14.0.25420.1
MinimumVisualStudioVersion = 10.0.40219.1
Project("{FAE04EC0-301F-11D3-BF4B-00C04F79EFBC}") = "mvcStore.Domain", "mvcStore.Domain\mvcStore.Domain.csproj", "{163CDA6F-D857-4331-B638-78D3B3F7BDE9}"
EndProject
Project("{FAE04EC0-301F-11D3-BF4B-00C04F79EFBC}") = "mvcStore.WebUI", "mvcStore.WebUI\mvcStore.WebUI.csproj", "{C289FD3D-50D3-4823-8B8D-9D9D93856051}"
EndProject
Global
	GlobalSection(SolutionConfigurationPlatforms) = preSolution
		Debug|Any CPU = Debug|Any CPU
		Release|Any CPU = Release|Any CPU
	EndGlobalSection
	GlobalSection(ProjectConfigurationPlatforms) = postSolution
		{163CDA6F-D857-4331-B638-78D3B3F7BDE9}.Debug|Any CPU.ActiveCfg = Debug|Any CPU
		{163CDA6F-D857-4331-B638-78D3B3F7BDE9}.Debug|Any CPU.Build.0 = Debug|Any CPU
		{163CDA6F-D857-4331-B638-78D3B3F7BDE9}.Release|Any CPU.ActiveCfg = Release|Any CPU
		{163CDA6F-D857-4331-B638-78D3B3F7BDE9}.Release|Any CPU.Build.0 = Release|Any CPU
		{C289FD3D-50D3-4823-8B8D-9D9D93856051}.Debug|Any CPU.ActiveCfg = Debug|Any CPU
		{C289FD3D-50D3-4823-8B8D-9D9D93856051}.Debug|Any CPU.Build.0 = Debug|Any CPU
		{C289FD3D-50D3-4823-8B8D-9D9D93856051}.Release|Any CPU.ActiveCfg = Release|Any CPU
		{C289FD3D-50D3-4823-8B8D-9D9D93856051}.Release|Any CPU.Build.0 = Release|Any CPU
	EndGlobalSection
	GlobalSection(SolutionProperties) = preSolution
		HideSolutionNode = FALSE
	EndGlobalSection
EndGlobal
